
Microsoft Visual Studio Solution File, Format Version 12.00
# Visual Studio Version 17
VisualStudioVersion = 17.7.34031.279
MinimumVisualStudioVersion = 10.0.40219.1
Project("{FAE04EC0-301F-11D3-BF4B-00C04F79EFBC}") = "HotelManagementProgram", "HotelManagementProgram.csproj", "{12FBF022-11E7-4685-8AEB-6BB211862564}"
EndProject
Global
	GlobalSection(SolutionConfigurationPlatforms) = preSolution
		Debug|Any CPU = Debug|Any CPU
		Release|Any CPU = Release|Any CPU
	EndGlobalSection
	GlobalSection(ProjectConfigurationPlatforms) = postSolution
		{12FBF022-11E7-4685-8AEB-6BB211862564}.Debug|Any CPU.ActiveCfg = Debug|Any CPU
		{12FBF022-11E7-4685-8AEB-6BB211862564}.Debug|Any CPU.Build.0 = Debug|Any CPU
		{12FBF022-11E7-4685-8AEB-6BB211862564}.Release|Any CPU.ActiveCfg = Release|Any CPU
		{12FBF022-11E7-4685-8AEB-6BB211862564}.Release|Any CPU.Build.0 = Release|Any CPU
	EndGlobalSection
	GlobalSection(SolutionProperties) = preSolution
		HideSolutionNode = FALSE
	EndGlobalSection
	GlobalSection(ExtensibilityGlobals) = postSolution
<<<<<<< HEAD
		SolutionGuid = {549F710D-5E2F-4695-8ADC-A013121A0DB7}
=======
		SolutionGuid = {C4A164E8-6510-4F55-8E2E-808E296EFACF}
>>>>>>> ee1ca0ebcadae9e74f9b0000a34d86092ba47b47
	EndGlobalSection
EndGlobal
